
Microsoft Visual Studio Solution File, Format Version 12.00
# Visual Studio Version 16
VisualStudioVersion = 16.0.30907.101
MinimumVisualStudioVersion = 10.0.40219.1
Project("{FAE04EC0-301F-11D3-BF4B-00C04F79EFBC}") = "TestAndLearn", "TestAndLearn\TestAndLearn.csproj", "{04FB8ACA-A7AD-458A-B10C-78CA06FC0CF6}"
EndProject
Global
	GlobalSection(SolutionConfigurationPlatforms) = preSolution
		Debug|Any CPU = Debug|Any CPU
		Release|Any CPU = Release|Any CPU
	EndGlobalSection
	GlobalSection(ProjectConfigurationPlatforms) = postSolution
		{04FB8ACA-A7AD-458A-B10C-78CA06FC0CF6}.Debug|Any CPU.ActiveCfg = Debug|Any CPU
		{04FB8ACA-A7AD-458A-B10C-78CA06FC0CF6}.Debug|Any CPU.Build.0 = Debug|Any CPU
		{04FB8ACA-A7AD-458A-B10C-78CA06FC0CF6}.Release|Any CPU.ActiveCfg = Release|Any CPU
		{04FB8ACA-A7AD-458A-B10C-78CA06FC0CF6}.Release|Any CPU.Build.0 = Release|Any CPU
	EndGlobalSection
	GlobalSection(SolutionProperties) = preSolution
		HideSolutionNode = FALSE
	EndGlobalSection
	GlobalSection(ExtensibilityGlobals) = postSolution
		SolutionGuid = {34495141-9C81-4889-866F-CCC3C3DC33AB}
	EndGlobalSection
EndGlobal
